
Microsoft Visual Studio Solution File, Format Version 12.00
# Visual Studio 15
VisualStudioVersion = 15.0.27130.2010
MinimumVisualStudioVersion = 10.0.40219.1
Project("{888888A0-9F3D-457C-B088-3A5042F75D52}") = "MagPy4", "MagPy4.pyproj", "{CD364B32-68D3-4838-A35B-C009AE2C5DEA}"
EndProject
Global
	GlobalSection(SolutionConfigurationPlatforms) = preSolution
		Debug|Any CPU = Debug|Any CPU
		Release|Any CPU = Release|Any CPU
	EndGlobalSection
	GlobalSection(ProjectConfigurationPlatforms) = postSolution
		{CD364B32-68D3-4838-A35B-C009AE2C5DEA}.Debug|Any CPU.ActiveCfg = Debug|Any CPU
		{CD364B32-68D3-4838-A35B-C009AE2C5DEA}.Release|Any CPU.ActiveCfg = Release|Any CPU
	EndGlobalSection
	GlobalSection(SolutionProperties) = preSolution
		HideSolutionNode = FALSE
	EndGlobalSection
	GlobalSection(ExtensibilityGlobals) = postSolution
		SolutionGuid = {97E66682-D2E3-4963-A656-AC681C9DC2DF}
	EndGlobalSection
EndGlobal
